PODS:
  - AFNetworking (3.1.0):
    - AFNetworking/NSURLSession (= 3.1.0)
    - AFNetworking/Reachability (= 3.1.0)
    - AFNetworking/Security (= 3.1.0)
    - AFNetworking/Serialization (= 3.1.0)
    - AFNetworking/UIKit (= 3.1.0)
  - AFNetworking/NSURLSession (3.1.0):
    - AFNetworking/Reachability
    - AFNetworking/Security
    - AFNetworking/Serialization
  - AFNetworking/Reachability (3.1.0)
  - AFNetworking/Security (3.1.0)
  - AFNetworking/Serialization (3.1.0)
  - AFNetworking/UIKit (3.1.0):
    - AFNetworking/NSURLSession
  - Bolts (1.8.4):
    - Bolts/AppLinks (= 1.8.4)
    - Bolts/Tasks (= 1.8.4)
  - Bolts/AppLinks (1.8.4):
    - Bolts/Tasks
  - Bolts/Tasks (1.8.4)
  - Eureka (3.0.0)
  - FBSDKCoreKit (4.22.1):
    - Bolts (~> 1.7)
  - FBSDKLoginKit (4.22.1):
    - FBSDKCoreKit
  - FirebaseAnalytics (3.9.0):
    - FirebaseCore (~> 3.6)
    - FirebaseInstanceID (~> 1.0)
    - GoogleToolboxForMac/NSData+zlib (~> 2.1)
  - FirebaseCore (3.6.0):
    - GoogleToolboxForMac/NSData+zlib (~> 2.1)
  - FirebaseInstanceID (1.0.10):
    - FirebaseCore (~> 3.6)
  - Google/Core (3.0.3):
    - FirebaseAnalytics (~> 3.2)
  - Google/SignIn (3.0.3):
    - Google/Core
    - GoogleSignIn (~> 4.0)
  - GoogleSignIn (4.0.2):
    - GoogleToolboxForMac/NSDictionary+URLArguments (~> 2.1)
    - GoogleToolboxForMac/NSString+URLArguments (~> 2.1)
    - GTMOAuth2 (~> 1.0)
    - GTMSessionFetcher/Core (~> 1.1)
  - GoogleToolboxForMac/DebugUtils (2.1.1):
    - GoogleToolboxForMac/Defines (= 2.1.1)
  - GoogleToolboxForMac/Defines (2.1.1)
  - GoogleToolboxForMac/NSData+zlib (2.1.1):
    - GoogleToolboxForMac/Defines (= 2.1.1)
  - GoogleToolboxForMac/NSDictionary+URLArguments (2.1.1):
    - GoogleToolboxForMac/DebugUtils (= 2.1.1)
    - GoogleToolboxForMac/Defines (= 2.1.1)
    - GoogleToolboxForMac/NSString+URLArguments (= 2.1.1)
  - GoogleToolboxForMac/NSString+URLArguments (2.1.1)
  - GTMOAuth2 (1.1.4):
    - GTMSessionFetcher (~> 1.1)
  - GTMSessionFetcher (1.1.9):
    - GTMSessionFetcher/Full (= 1.1.9)
  - GTMSessionFetcher/Core (1.1.9)
  - GTMSessionFetcher/Full (1.1.9):
    - GTMSessionFetcher/Core (= 1.1.9)
  - LoginRadiusSDK (3.3.2):
    - AFNetworking (~> 3.1)
    - FBSDKLoginKit (~> 4.16)
    - OAuthCore (~> 0.0.1)
  - NSData+Base64 (1.0.0)
  - OAuthCore (0.0.1):
    - NSData+Base64
  - SwiftHTTP (2.0.2)
  - SwiftyJSON (2.3.2)

DEPENDENCIES:
  - Eureka (from `https://github.com/xmartlabs/Eureka.git`, branch `master`)
  - Google/SignIn
  - LoginRadiusSDK
  - SwiftHTTP (from `https://github.com/daltoniam/SwiftHTTP`, branch `master`)
  - SwiftyJSON (from `https://github.com/IBM-Swift/SwiftyJSON.git`, branch `master`)

EXTERNAL SOURCES:
  Eureka:
    :branch: master
    :git: https://github.com/xmartlabs/Eureka.git
  SwiftHTTP:
    :branch: master
    :git: https://github.com/daltoniam/SwiftHTTP
  SwiftyJSON:
    :branch: master
    :git: https://github.com/IBM-Swift/SwiftyJSON.git

CHECKOUT OPTIONS:
  Eureka:
    :commit: 77cb04f587a4e83f28ad5f3174f6f8f6c086b524
    :git: https://github.com/xmartlabs/Eureka.git
  SwiftHTTP:
    :commit: 7494dd9cae40beb8d76fbc910f67fe4f2ed2a050
    :git: https://github.com/daltoniam/SwiftHTTP
  SwiftyJSON:
    :commit: d5f2741e9293775d3b245a4c07fd3d2435b630d9
    :git: https://github.com/IBM-Swift/SwiftyJSON.git

SPEC CHECKSUMS:
  AFNetworking: 5e0e199f73d8626b11e79750991f5d173d1f8b67
  Bolts: 8a7995239dbe724f9cba2248b766d48b7ebdd322
  Eureka: 5b9418d7bfdc21ca977d69d124a6409f3e9af2c7
  FBSDKCoreKit: 9c2daf0162214d6d2e21cf8208a9c6c2a2e42b9c
  FBSDKLoginKit: 00cf28916b9f0169763a3d61985d745b579fe304
  FirebaseAnalytics: e5fe8486efc01bec33f6bf82e2fa9fce4b124052
  FirebaseCore: 9691ee2ade70c098d7cf92440f4303f16d83ca75
  FirebaseInstanceID: b9eedd6846fb5e1f0f7279e1deaa7a7e4cf8392e
  Google: 813c467362eabc11385f5a5cc9ad0cb651a58f4e
  GoogleSignIn: d7ad83f13480e1f30453471d00d19b5293ac46af
  GoogleToolboxForMac: 8e329f1b599f2512c6b10676d45736bcc2cbbeb0
  GTMOAuth2: 7fc9c10f5c745f4d9850419ea88889fe3baa6b7d
  GTMSessionFetcher: 5c046c76a1f859bc9c187e918f18e4fc7bb57b5e
  LoginRadiusSDK: dab07de79ac44ce7d306c53db19133205b0d24b5
  NSData+Base64: 4e84902c4db907a15673474677e57763ef3903e4
  OAuthCore: 43dce261db846a1fe20234d95654257e00e78581
  SwiftHTTP: c04bfedac299c931fbf419f07b7d42024ff45fdd
  SwiftyJSON: 04ccea08915aa0109039157c7974cf0298da292a

PODFILE CHECKSUM: c5039f9a74bcc40920204b9843bc02a45b344bb1

COCOAPODS: 1.2.1
